// !$*UTF8*$!
{
	archiveVersion = 1;
	classes = {
	};
	objectVersion = 46;
	objects = {

/* Begin PBXBuildFile section */
		843746D21D45AEC20014D5C6 /* Color.swift in Sources */ = {isa = PBXBuildFile; fileRef = 843746C81D45AEC20014D5C6 /* Color.swift */; };
		843746D31D45AEC20014D5C6 /* DeviceInfo.swift in Sources */ = {isa = PBXBuildFile; fileRef = 843746C91D45AEC20014D5C6 /* DeviceInfo.swift */; };
		843746D41D45AEC20014D5C6 /* Http.swift in Sources */ = {isa = PBXBuildFile; fileRef = 843746CA1D45AEC20014D5C6 /* Http.swift */; };
		843746D51D45AEC20014D5C6 /* ImageHelper.swift in Sources */ = {isa = PBXBuildFile; fileRef = 843746CB1D45AEC20014D5C6 /* ImageHelper.swift */; };
		843746D61D45AEC20014D5C6 /* JSONHelper.swift in Sources */ = {isa = PBXBuildFile; fileRef = 843746CC1D45AEC20014D5C6 /* JSONHelper.swift */; };
		843746D71D45AEC20014D5C6 /* Log.swift in Sources */ = {isa = PBXBuildFile; fileRef = 843746CD1D45AEC20014D5C6 /* Log.swift */; };
		843E523C1D597F8F005179C2 /* Handy.swift in Sources */ = {isa = PBXBuildFile; fileRef = 843E523B1D597F8F005179C2 /* Handy.swift */; };
		843E523E1D598982005179C2 /* ScreenInfo.swift in Sources */ = {isa = PBXBuildFile; fileRef = 843E523D1D598982005179C2 /* ScreenInfo.swift */; };
		843E52401D598B92005179C2 /* GCD.swift in Sources */ = {isa = PBXBuildFile; fileRef = 843E523F1D598B92005179C2 /* GCD.swift */; };
		843E526A1D59BF19005179C2 /* String+Attribute.swift in Sources */ = {isa = PBXBuildFile; fileRef = 843E52631D59BF19005179C2 /* String+Attribute.swift */; };
		843E526B1D59BF19005179C2 /* String+Case.swift in Sources */ = {isa = PBXBuildFile; fileRef = 843E52641D59BF19005179C2 /* String+Case.swift */; };
		843E526C1D59BF19005179C2 /* String+Convert.swift in Sources */ = {isa = PBXBuildFile; fileRef = 843E52651D59BF19005179C2 /* String+Convert.swift */; };
		843E526D1D59BF19005179C2 /* String+Index.swift in Sources */ = {isa = PBXBuildFile; fileRef = 843E52661D59BF19005179C2 /* String+Index.swift */; };
		843E526E1D59BF19005179C2 /* String+Regex.swift in Sources */ = {isa = PBXBuildFile; fileRef = 843E52671D59BF19005179C2 /* String+Regex.swift */; };
		843E526F1D59BF19005179C2 /* String+Validate.swift in Sources */ = {isa = PBXBuildFile; fileRef = 843E52681D59BF19005179C2 /* String+Validate.swift */; };
		843E52701D59BF19005179C2 /* String+Base.swift in Sources */ = {isa = PBXBuildFile; fileRef = 843E52691D59BF19005179C2 /* String+Base.swift */; };
		843E52721D59C75A005179C2 /* String+Count.swift in Sources */ = {isa = PBXBuildFile; fileRef = 843E52711D59C75A005179C2 /* String+Count.swift */; };
		843E52741D59C7DE005179C2 /* String+TextSize.swift in Sources */ = {isa = PBXBuildFile; fileRef = 843E52731D59C7DE005179C2 /* String+TextSize.swift */; };
		843E52F91D5ABF6D005179C2 /* FilePath.swift in Sources */ = {isa = PBXBuildFile; fileRef = 843E52F81D5ABF6D005179C2 /* FilePath.swift */; };
		843E52FD1D5AC44F005179C2 /* UIView+ParentViewController.swift in Sources */ = {isa = PBXBuildFile; fileRef = 843E52FB1D5AC44F005179C2 /* UIView+ParentViewController.swift */; };
		843E52FE1D5AC44F005179C2 /* UIView+Snapshot.swift in Sources */ = {isa = PBXBuildFile; fileRef = 843E52FC1D5AC44F005179C2 /* UIView+Snapshot.swift */; };
		84630BFC1D73C8D600B54709 /* BaseTableViewController.swift in Sources */ = {isa = PBXBuildFile; fileRef = 84630BFB1D73C8D600B54709 /* BaseTableViewController.swift */; };
		84630BFE1D73CEFE00B54709 /* BaseStyle.swift in Sources */ = {isa = PBXBuildFile; fileRef = 84630BFD1D73CEFE00B54709 /* BaseStyle.swift */; };
		84C3BF021D6D28D100817686 /* UIImage+CutCircle.swift in Sources */ = {isa = PBXBuildFile; fileRef = 84C3BF011D6D28D100817686 /* UIImage+CutCircle.swift */; };
		84C3BF041D6D371500817686 /* Random.swift in Sources */ = {isa = PBXBuildFile; fileRef = 84C3BF031D6D371500817686 /* Random.swift */; };
		84C3BF131D6FC88100817686 /* BaseNavigationController.swift in Sources */ = {isa = PBXBuildFile; fileRef = 84C3BF121D6FC88100817686 /* BaseNavigationController.swift */; };
		84C3C05B1D6FF1F800817686 /* DetailViewController.swift in Sources */ = {isa = PBXBuildFile; fileRef = 84C3C05A1D6FF1F800817686 /* DetailViewController.swift */; };
		84EF912F1CEDBB7E00B4425B /* AppDelegate.swift in Sources */ = {isa = PBXBuildFile; fileRef = 84EF912E1CEDBB7E00B4425B /* AppDelegate.swift */; };
		84EF91311CEDBB7E00B4425B /* ViewController.swift in Sources */ = {isa = PBXBuildFile; fileRef = 84EF91301CEDBB7E00B4425B /* ViewController.swift */; };
		84EF91341CEDBB7E00B4425B /* Main.storyboard in Resources */ = {isa = PBXBuildFile; fileRef = 84EF91321CEDBB7E00B4425B /* Main.storyboard */; };
		84EF91361CEDBB7E00B4425B /* Assets.xcassets in Resources */ = {isa = PBXBuildFile; fileRef = 84EF91351CEDBB7E00B4425B /* Assets.xcassets */; };
		84EF91391CEDBB7E00B4425B /* LaunchScreen.storyboard in Resources */ = {isa = PBXBuildFile; fileRef = 84EF91371CEDBB7E00B4425B /* LaunchScreen.storyboard */; };
		84EF914C1CEDBC1B00B4425B /* BaseViewController.swift in Sources */ = {isa = PBXBuildFile; fileRef = 84EF91411CEDBC1B00B4425B /* BaseViewController.swift */; };
		84FC67BE1D5DD276009A4A04 /* ChainableAlert.swift in Sources */ = {isa = PBXBuildFile; fileRef = 84FC67BC1D5DD276009A4A04 /* ChainableAlert.swift */; };
		84FC67BF1D5DD276009A4A04 /* UIViewController+ChainableAlert.swift in Sources */ = {isa = PBXBuildFile; fileRef = 84FC67BD1D5DD276009A4A04 /* UIViewController+ChainableAlert.swift */; };
/* End PBXBuildFile section */

/* Begin PBXFileReference section */
		843746C81D45AEC20014D5C6 /* Color.swift */ = {isa = PBXFileReference; fileEncoding = 4; lastKnownFileType = sourcecode.swift; path = Color.swift; sourceTree = "<group>"; };
		843746C91D45AEC20014D5C6 /* DeviceInfo.swift */ = {isa = PBXFileReference; fileEncoding = 4; lastKnownFileType = sourcecode.swift; path = DeviceInfo.swift; sourceTree = "<group>"; };
		843746CA1D45AEC20014D5C6 /* Http.swift */ = {isa = PBXFileReference; fileEncoding = 4; lastKnownFileType = sourcecode.swift; path = Http.swift; sourceTree = "<group>"; };
		843746CB1D45AEC20014D5C6 /* ImageHelper.swift */ = {isa = PBXFileReference; fileEncoding = 4; lastKnownFileType = sourcecode.swift; path = ImageHelper.swift; sourceTree = "<group>"; };
		843746CC1D45AEC20014D5C6 /* JSONHelper.swift */ = {isa = PBXFileReference; fileEncoding = 4; lastKnownFileType = sourcecode.swift; path = JSONHelper.swift; sourceTree = "<group>"; };
		843746CD1D45AEC20014D5C6 /* Log.swift */ = {isa = PBXFileReference; fileEncoding = 4; lastKnownFileType = sourcecode.swift; path = Log.swift; sourceTree = "<group>"; };
		843E523B1D597F8F005179C2 /* Handy.swift */ = {isa = PBXFileReference; fileEncoding = 4; lastKnownFileType = sourcecode.swift; path = Handy.swift; sourceTree = "<group>"; };
		843E523D1D598982005179C2 /* ScreenInfo.swift */ = {isa = PBXFileReference; fileEncoding = 4; lastKnownFileType = sourcecode.swift; path = ScreenInfo.swift; sourceTree = "<group>"; };
		843E523F1D598B92005179C2 /* GCD.swift */ = {isa = PBXFileReference; fileEncoding = 4; lastKnownFileType = sourcecode.swift; path = GCD.swift; sourceTree = "<group>"; };
		843E52631D59BF19005179C2 /* String+Attribute.swift */ = {isa = PBXFileReference; fileEncoding = 4; lastKnownFileType = sourcecode.swift; path = "String+Attribute.swift"; sourceTree = "<group>"; };
		843E52641D59BF19005179C2 /* String+Case.swift */ = {isa = PBXFileReference; fileEncoding = 4; lastKnownFileType = sourcecode.swift; path = "String+Case.swift"; sourceTree = "<group>"; };
		843E52651D59BF19005179C2 /* String+Convert.swift */ = {isa = PBXFileReference; fileEncoding = 4; lastKnownFileType = sourcecode.swift; path = "String+Convert.swift"; sourceTree = "<group>"; };
		843E52661D59BF19005179C2 /* String+Index.swift */ = {isa = PBXFileReference; fileEncoding = 4; lastKnownFileType = sourcecode.swift; path = "String+Index.swift"; sourceTree = "<group>"; };
		843E52671D59BF19005179C2 /* String+Regex.swift */ = {isa = PBXFileReference; fileEncoding = 4; lastKnownFileType = sourcecode.swift; path = "String+Regex.swift"; sourceTree = "<group>"; };
		843E52681D59BF19005179C2 /* String+Validate.swift */ = {isa = PBXFileReference; fileEncoding = 4; lastKnownFileType = sourcecode.swift; path = "String+Validate.swift"; sourceTree = "<group>"; };
		843E52691D59BF19005179C2 /* String+Base.swift */ = {isa = PBXFileReference; fileEncoding = 4; lastKnownFileType = sourcecode.swift; path = "String+Base.swift"; sourceTree = "<group>"; };
		843E52711D59C75A005179C2 /* String+Count.swift */ = {isa = PBXFileReference; fileEncoding = 4; lastKnownFileType = sourcecode.swift; path = "String+Count.swift"; sourceTree = "<group>"; };
		843E52731D59C7DE005179C2 /* String+TextSize.swift */ = {isa = PBXFileReference; fileEncoding = 4; lastKnownFileType = sourcecode.swift; path = "String+TextSize.swift"; sourceTree = "<group>"; };
		843E52F81D5ABF6D005179C2 /* FilePath.swift */ = {isa = PBXFileReference; fileEncoding = 4; lastKnownFileType = sourcecode.swift; path = FilePath.swift; sourceTree = "<group>"; };
		843E52FB1D5AC44F005179C2 /* UIView+ParentViewController.swift */ = {isa = PBXFileReference; fileEncoding = 4; lastKnownFileType = sourcecode.swift; path = "UIView+ParentViewController.swift"; sourceTree = "<group>"; };
		843E52FC1D5AC44F005179C2 /* UIView+Snapshot.swift */ = {isa = PBXFileReference; fileEncoding = 4; lastKnownFileType = sourcecode.swift; path = "UIView+Snapshot.swift"; sourceTree = "<group>"; };
		84630BFB1D73C8D600B54709 /* BaseTableViewController.swift */ = {isa = PBXFileReference; fileEncoding = 4; lastKnownFileType = sourcecode.swift; path = BaseTableViewController.swift; sourceTree = "<group>"; };
		84630BFD1D73CEFE00B54709 /* BaseStyle.swift */ = {isa = PBXFileReference; fileEncoding = 4; lastKnownFileType = sourcecode.swift; path = BaseStyle.swift; sourceTree = "<group>"; };
		84C3BF011D6D28D100817686 /* UIImage+CutCircle.swift */ = {isa = PBXFileReference; fileEncoding = 4; lastKnownFileType = sourcecode.swift; path = "UIImage+CutCircle.swift"; sourceTree = "<group>"; };
		84C3BF031D6D371500817686 /* Random.swift */ = {isa = PBXFileReference; fileEncoding = 4; lastKnownFileType = sourcecode.swift; path = Random.swift; sourceTree = "<group>"; };
		84C3BF121D6FC88100817686 /* BaseNavigationController.swift */ = {isa = PBXFileReference; fileEncoding = 4; lastKnownFileType = sourcecode.swift; path = BaseNavigationController.swift; sourceTree = "<group>"; };
		84C3C05A1D6FF1F800817686 /* DetailViewController.swift */ = {isa = PBXFileReference; fileEncoding = 4; lastKnownFileType = sourcecode.swift; path = DetailViewController.swift; sourceTree = "<group>"; };
		84EF912B1CEDBB7E00B4425B /* iOSBaseProject.app */ = {isa = PBXFileReference; explicitFileType = wrapper.application; includeInIndex = 0; path = iOSBaseProject.app; sourceTree = BUILT_PRODUCTS_DIR; };
		84EF912E1CEDBB7E00B4425B /* AppDelegate.swift */ = {isa = PBXFileReference; lastKnownFileType = sourcecode.swift; path = AppDelegate.swift; sourceTree = "<group>"; };
		84EF91301CEDBB7E00B4425B /* ViewController.swift */ = {isa = PBXFileReference; lastKnownFileType = sourcecode.swift; path = ViewController.swift; sourceTree = "<group>"; };
		84EF91331CEDBB7E00B4425B /* Base */ = {isa = PBXFileReference; lastKnownFileType = file.storyboard; name = Base; path = Base.lproj/Main.storyboard; sourceTree = "<group>"; };
		84EF91351CEDBB7E00B4425B /* Assets.xcassets */ = {isa = PBXFileReference; lastKnownFileType = folder.assetcatalog; path = Assets.xcassets; sourceTree = "<group>"; };
		84EF91381CEDBB7E00B4425B /* Base */ = {isa = PBXFileReference; lastKnownFileType = file.storyboard; name = Base; path = Base.lproj/LaunchScreen.storyboard; sourceTree = "<group>"; };
		84EF913A1CEDBB7E00B4425B /* Info.plist */ = {isa = PBXFileReference; lastKnownFileType = text.plist.xml; path = Info.plist; sourceTree = "<group>"; };
		84EF91411CEDBC1B00B4425B /* BaseViewController.swift */ = {isa = PBXFileReference; fileEncoding = 4; lastKnownFileType = sourcecode.swift; path = BaseViewController.swift; sourceTree = "<group>"; };
		84FC67BC1D5DD276009A4A04 /* ChainableAlert.swift */ = {isa = PBXFileReference; fileEncoding = 4; lastKnownFileType = sourcecode.swift; path = ChainableAlert.swift; sourceTree = "<group>"; };
		84FC67BD1D5DD276009A4A04 /* UIViewController+ChainableAlert.swift */ = {isa = PBXFileReference; fileEncoding = 4; lastKnownFileType = sourcecode.swift; path = "UIViewController+ChainableAlert.swift"; sourceTree = "<group>"; };
/* End PBXFileReference section */

/* Begin PBXFrameworksBuildPhase section */
		84EF91281CEDBB7E00B4425B /* Frameworks */ = {
			isa = PBXFrameworksBuildPhase;
			buildActionMask = 2147483647;
			files = (
			);
			runOnlyForDeploymentPostprocessing = 0;
		};
/* End PBXFrameworksBuildPhase section */

/* Begin PBXGroup section */
		5EE5225F00C3BB58FF63E4FD /* Frameworks */ = {
			isa = PBXGroup;
			children = (
			);
			name = Frameworks;
			sourceTree = "<group>";
		};
		843746C21D45AEC20014D5C6 /* Utilities */ = {
			isa = PBXGroup;
			children = (
				843E523B1D597F8F005179C2 /* Handy.swift */,
				843E52621D59BF19005179C2 /* String Extensions */,
				843E52FA1D5AC44F005179C2 /* UIView Extensions */,
				84FC67BB1D5DD276009A4A04 /* ChainableAlert */,
				84C3BF001D6D28B900817686 /* UIImage Extensions */,
				843746CD1D45AEC20014D5C6 /* Log.swift */,
				843746C81D45AEC20014D5C6 /* Color.swift */,
				843746CA1D45AEC20014D5C6 /* Http.swift */,
				843746CB1D45AEC20014D5C6 /* ImageHelper.swift */,
				843746CC1D45AEC20014D5C6 /* JSONHelper.swift */,
				843746C91D45AEC20014D5C6 /* DeviceInfo.swift */,
				843E523D1D598982005179C2 /* ScreenInfo.swift */,
				843E523F1D598B92005179C2 /* GCD.swift */,
				843E52F81D5ABF6D005179C2 /* FilePath.swift */,
				84C3BF031D6D371500817686 /* Random.swift */,
			);
			path = Utilities;
			sourceTree = "<group>";
		};
		843E52621D59BF19005179C2 /* String Extensions */ = {
			isa = PBXGroup;
			children = (
				843E52631D59BF19005179C2 /* String+Attribute.swift */,
				843E52641D59BF19005179C2 /* String+Case.swift */,
				843E52651D59BF19005179C2 /* String+Convert.swift */,
				843E52661D59BF19005179C2 /* String+Index.swift */,
				843E52671D59BF19005179C2 /* String+Regex.swift */,
				843E52681D59BF19005179C2 /* String+Validate.swift */,
				843E52691D59BF19005179C2 /* String+Base.swift */,
				843E52731D59C7DE005179C2 /* String+TextSize.swift */,
				843E52711D59C75A005179C2 /* String+Count.swift */,
			);
			path = "String Extensions";
			sourceTree = "<group>";
		};
		843E52FA1D5AC44F005179C2 /* UIView Extensions */ = {
			isa = PBXGroup;
			children = (
				843E52FB1D5AC44F005179C2 /* UIView+ParentViewController.swift */,
				843E52FC1D5AC44F005179C2 /* UIView+Snapshot.swift */,
			);
			path = "UIView Extensions";
			sourceTree = "<group>";
		};
		84C3BF001D6D28B900817686 /* UIImage Extensions */ = {
			isa = PBXGroup;
			children = (
				84C3BF011D6D28D100817686 /* UIImage+CutCircle.swift */,
			);
			path = "UIImage Extensions";
			sourceTree = "<group>";
		};
		84EF91221CEDBB7E00B4425B = {
			isa = PBXGroup;
			children = (
				843746C21D45AEC20014D5C6 /* Utilities */,
				84EF91401CEDBC1B00B4425B /* Common */,
				84EF912D1CEDBB7E00B4425B /* iOSBaseProject */,
				84EF912C1CEDBB7E00B4425B /* Products */,
				5EE5225F00C3BB58FF63E4FD /* Frameworks */,
			);
			sourceTree = "<group>";
		};
		84EF912C1CEDBB7E00B4425B /* Products */ = {
			isa = PBXGroup;
			children = (
				84EF912B1CEDBB7E00B4425B /* iOSBaseProject.app */,
			);
			name = Products;
			sourceTree = "<group>";
		};
		84EF912D1CEDBB7E00B4425B /* iOSBaseProject */ = {
			isa = PBXGroup;
			children = (
				84EF912E1CEDBB7E00B4425B /* AppDelegate.swift */,
				84EF91301CEDBB7E00B4425B /* ViewController.swift */,
				84C3C05A1D6FF1F800817686 /* DetailViewController.swift */,
				84EF91321CEDBB7E00B4425B /* Main.storyboard */,
				84EF91351CEDBB7E00B4425B /* Assets.xcassets */,
				84EF91371CEDBB7E00B4425B /* LaunchScreen.storyboard */,
				84EF913A1CEDBB7E00B4425B /* Info.plist */,
			);
			path = iOSBaseProject;
			sourceTree = "<group>";
		};
		84EF91401CEDBC1B00B4425B /* Common */ = {
			isa = PBXGroup;
			children = (
				84630BFD1D73CEFE00B54709 /* BaseStyle.swift */,
				84EF91411CEDBC1B00B4425B /* BaseViewController.swift */,
				84630BFB1D73C8D600B54709 /* BaseTableViewController.swift */,
				84C3BF121D6FC88100817686 /* BaseNavigationController.swift */,
			);
			path = Common;
			sourceTree = "<group>";
		};
		84FC67BB1D5DD276009A4A04 /* ChainableAlert */ = {
			isa = PBXGroup;
			children = (
				84FC67BD1D5DD276009A4A04 /* UIViewController+ChainableAlert.swift */,
				84FC67BC1D5DD276009A4A04 /* ChainableAlert.swift */,
			);
			path = ChainableAlert;
			sourceTree = "<group>";
		};
/* End PBXGroup section */

/* Begin PBXNativeTarget section */
		84EF912A1CEDBB7E00B4425B /* iOSBaseProject */ = {
			isa = PBXNativeTarget;
			buildConfigurationList = 84EF913D1CEDBB7E00B4425B /* Build configuration list for PBXNativeTarget "iOSBaseProject" */;
			buildPhases = (
				84EF91271CEDBB7E00B4425B /* Sources */,
				84EF91281CEDBB7E00B4425B /* Frameworks */,
				84EF91291CEDBB7E00B4425B /* Resources */,
			);
			buildRules = (
			);
			dependencies = (
			);
			name = iOSBaseProject;
			productName = iOSBaseProject;
			productReference = 84EF912B1CEDBB7E00B4425B /* iOSBaseProject.app */;
			productType = "com.apple.product-type.application";
		};
/* End PBXNativeTarget section */

/* Begin PBXProject section */
		84EF91231CEDBB7E00B4425B /* Project object */ = {
			isa = PBXProject;
			attributes = {
				LastSwiftUpdateCheck = 0730;
				LastUpgradeCheck = 0730;
				ORGANIZATIONNAME = Ding;
				TargetAttributes = {
					84EF912A1CEDBB7E00B4425B = {
						CreatedOnToolsVersion = 7.3;
					};
				};
			};
			buildConfigurationList = 84EF91261CEDBB7E00B4425B /* Build configuration list for PBXProject "iOSBaseProject" */;
			compatibilityVersion = "Xcode 3.2";
			developmentRegion = English;
			hasScannedForEncodings = 0;
			knownRegions = (
				en,
				Base,
			);
			mainGroup = 84EF91221CEDBB7E00B4425B;
			productRefGroup = 84EF912C1CEDBB7E00B4425B /* Products */;
			projectDirPath = "";
			projectRoot = "";
			targets = (
				84EF912A1CEDBB7E00B4425B /* iOSBaseProject */,
			);
		};
/* End PBXProject section */

/* Begin PBXResourcesBuildPhase section */
		84EF91291CEDBB7E00B4425B /* Resources */ = {
			isa = PBXResourcesBuildPhase;
			buildActionMask = 2147483647;
			files = (
				84EF91391CEDBB7E00B4425B /* LaunchScreen.storyboard in Resources */,
				84EF91361CEDBB7E00B4425B /* Assets.xcassets in Resources */,
				84EF91341CEDBB7E00B4425B /* Main.storyboard in Resources */,
			);
			runOnlyForDeploymentPostprocessing = 0;
		};
/* End PBXResourcesBuildPhase section */

/* Begin PBXSourcesBuildPhase section */
		84EF91271CEDBB7E00B4425B /* Sources */ = {
			isa = PBXSourcesBuildPhase;
			buildActionMask = 2147483647;
			files = (
				843E523E1D598982005179C2 /* ScreenInfo.swift in Sources */,
				84EF91311CEDBB7E00B4425B /* ViewController.swift in Sources */,
				843E526A1D59BF19005179C2 /* String+Attribute.swift in Sources */,
				843E52401D598B92005179C2 /* GCD.swift in Sources */,
				843E526D1D59BF19005179C2 /* String+Index.swift in Sources */,
				84FC67BF1D5DD276009A4A04 /* UIViewController+ChainableAlert.swift in Sources */,
				843E52FE1D5AC44F005179C2 /* UIView+Snapshot.swift in Sources */,
				84C3C05B1D6FF1F800817686 /* DetailViewController.swift in Sources */,
				84C3BF131D6FC88100817686 /* BaseNavigationController.swift in Sources */,
				84C3BF021D6D28D100817686 /* UIImage+CutCircle.swift in Sources */,
				84630BFC1D73C8D600B54709 /* BaseTableViewController.swift in Sources */,
				843E52721D59C75A005179C2 /* String+Count.swift in Sources */,
				843E526C1D59BF19005179C2 /* String+Convert.swift in Sources */,
				843746D41D45AEC20014D5C6 /* Http.swift in Sources */,
				84EF912F1CEDBB7E00B4425B /* AppDelegate.swift in Sources */,
				843746D71D45AEC20014D5C6 /* Log.swift in Sources */,
				843746D61D45AEC20014D5C6 /* JSONHelper.swift in Sources */,
				843E52F91D5ABF6D005179C2 /* FilePath.swift in Sources */,
				843746D31D45AEC20014D5C6 /* DeviceInfo.swift in Sources */,
				843E526B1D59BF19005179C2 /* String+Case.swift in Sources */,
				843E52701D59BF19005179C2 /* String+Base.swift in Sources */,
				843E52741D59C7DE005179C2 /* String+TextSize.swift in Sources */,
				84FC67BE1D5DD276009A4A04 /* ChainableAlert.swift in Sources */,
				84630BFE1D73CEFE00B54709 /* BaseStyle.swift in Sources */,
				84EF914C1CEDBC1B00B4425B /* BaseViewController.swift in Sources */,
				843E52FD1D5AC44F005179C2 /* UIView+ParentViewController.swift in Sources */,
				843746D21D45AEC20014D5C6 /* Color.swift in Sources */,
				843E523C1D597F8F005179C2 /* Handy.swift in Sources */,
				843E526F1D59BF19005179C2 /* String+Validate.swift in Sources */,
				843E526E1D59BF19005179C2 /* String+Regex.swift in Sources */,
				84C3BF041D6D371500817686 /* Random.swift in Sources */,
				843746D51D45AEC20014D5C6 /* ImageHelper.swift in Sources */,
			);
			runOnlyForDeploymentPostprocessing = 0;
		};
/* End PBXSourcesBuildPhase section */

/* Begin PBXVariantGroup section */
		84EF91321CEDBB7E00B4425B /* Main.storyboard */ = {
			isa = PBXVariantGroup;
			children = (
				84EF91331CEDBB7E00B4425B /* Base */,
			);
			name = Main.storyboard;
			sourceTree = "<group>";
		};
		84EF91371CEDBB7E00B4425B /* LaunchScreen.storyboard */ = {
			isa = PBXVariantGroup;
			children = (
				84EF91381CEDBB7E00B4425B /* Base */,
			);
			name = LaunchScreen.storyboard;
			sourceTree = "<group>";
		};
/* End PBXVariantGroup section */

/* Begin XCBuildConfiguration section */
		84EF913B1CEDBB7E00B4425B /* Debug */ = {
			isa = XCBuildConfiguration;
			buildSettings = {
				ALWAYS_SEARCH_USER_PATHS = NO;
				CLANG_ANALYZER_NONNULL = YES;
				CLANG_CXX_LANGUAGE_STANDARD = "gnu++0x";
				CLANG_CXX_LIBRARY = "libc++";
				CLANG_ENABLE_MODULES = YES;
				CLANG_ENABLE_OBJC_ARC = YES;
				CLANG_WARN_BOOL_CONVERSION = YES;
				CLANG_WARN_CONSTANT_CONVERSION = YES;
				CLANG_WARN_DIRECT_OBJC_ISA_USAGE = YES_ERROR;
				CLANG_WARN_EMPTY_BODY = YES;
				CLANG_WARN_ENUM_CONVERSION = YES;
				CLANG_WARN_INT_CONVERSION = YES;
				CLANG_WARN_OBJC_ROOT_CLASS = YES_ERROR;
				CLANG_WARN_UNREACHABLE_CODE = YES;
				CLANG_WARN__DUPLICATE_METHOD_MATCH = YES;
				"CODE_SIGN_IDENTITY[sdk=iphoneos*]" = "iPhone Developer";
				COPY_PHASE_STRIP = NO;
				DEBUG_INFORMATION_FORMAT = dwarf;
				ENABLE_STRICT_OBJC_MSGSEND = YES;
				ENABLE_TESTABILITY = YES;
				GCC_C_LANGUAGE_STANDARD = gnu99;
				GCC_DYNAMIC_NO_PIC = NO;
				GCC_NO_COMMON_BLOCKS = YES;
				GCC_OPTIMIZATION_LEVEL = 0;
				GCC_PREPROCESSOR_DEFINITIONS = (
					"DEBUG=1",
					"$(inherited)",
				);
				GCC_WARN_64_TO_32_BIT_CONVERSION = YES;
				GCC_WARN_ABOUT_RETURN_TYPE = YES_ERROR;
				GCC_WARN_UNDECLARED_SELECTOR = YES;
				GCC_WARN_UNINITIALIZED_AUTOS = YES_AGGRESSIVE;
				GCC_WARN_UNUSED_FUNCTION = YES;
				GCC_WARN_UNUSED_VARIABLE = YES;
				IPHONEOS_DEPLOYMENT_TARGET = 9.3;
				MTL_ENABLE_DEBUG_INFO = YES;
				ONLY_ACTIVE_ARCH = YES;
				SDKROOT = iphoneos;
				SWIFT_OPTIMIZATION_LEVEL = "-Onone";
				TARGETED_DEVICE_FAMILY = "1,2";
			};
			name = Debug;
		};
		84EF913C1CEDBB7E00B4425B /* Release */ = {
			isa = XCBuildConfiguration;
			buildSettings = {
				ALWAYS_SEARCH_USER_PATHS = NO;
				CLANG_ANALYZER_NONNULL = YES;
				CLANG_CXX_LANGUAGE_STANDARD = "gnu++0x";
				CLANG_CXX_LIBRARY = "libc++";
				CLANG_ENABLE_MODULES = YES;
				CLANG_ENABLE_OBJC_ARC = YES;
				CLANG_WARN_BOOL_CONVERSION = YES;
				CLANG_WARN_CONSTANT_CONVERSION = YES;
				CLANG_WARN_DIRECT_OBJC_ISA_USAGE = YES_ERROR;
				CLANG_WARN_EMPTY_BODY = YES;
				CLANG_WARN_ENUM_CONVERSION = YES;
				CLANG_WARN_INT_CONVERSION = YES;
				CLANG_WARN_OBJC_ROOT_CLASS = YES_ERROR;
				CLANG_WARN_UNREACHABLE_CODE = YES;
				CLANG_WARN__DUPLICATE_METHOD_MATCH = YES;
				"CODE_SIGN_IDENTITY[sdk=iphoneos*]" = "iPhone Developer";
				COPY_PHASE_STRIP = NO;
				DEBUG_INFORMATION_FORMAT = "dwarf-with-dsym";
				ENABLE_NS_ASSERTIONS = NO;
				ENABLE_STRICT_OBJC_MSGSEND = YES;
				GCC_C_LANGUAGE_STANDARD = gnu99;
				GCC_NO_COMMON_BLOCKS = YES;
				GCC_WARN_64_TO_32_BIT_CONVERSION = YES;
				GCC_WARN_ABOUT_RETURN_TYPE = YES_ERROR;
				GCC_WARN_UNDECLARED_SELECTOR = YES;
				GCC_WARN_UNINITIALIZED_AUTOS = YES_AGGRESSIVE;
				GCC_WARN_UNUSED_FUNCTION = YES;
				GCC_WARN_UNUSED_VARIABLE = YES;
				IPHONEOS_DEPLOYMENT_TARGET = 9.3;
				MTL_ENABLE_DEBUG_INFO = NO;
				SDKROOT = iphoneos;
				TARGETED_DEVICE_FAMILY = "1,2";
				VALIDATE_PRODUCT = YES;
			};
			name = Release;
		};
		84EF913E1CEDBB7E00B4425B /* Debug */ = {
			isa = XCBuildConfiguration;
			buildSettings = {
				ASSETCATALOG_COMPILER_APPICON_NAME = AppIcon;
				INFOPLIST_FILE = iOSBaseProject/Info.plist;
				IPHONEOS_DEPLOYMENT_TARGET = 8.0;
				LD_RUNPATH_SEARCH_PATHS = "$(inherited) @executable_path/Frameworks";
				OTHER_SWIFT_FLAGS = "-D DEBUG";
				PRODUCT_BUNDLE_IDENTIFIER = Ding.iOSBaseProject;
				PRODUCT_NAME = "$(TARGET_NAME)";
			};
			name = Debug;
		};
		84EF913F1CEDBB7E00B4425B /* Release */ = {
			isa = XCBuildConfiguration;
			buildSettings = {
				ASSETCATALOG_COMPILER_APPICON_NAME = AppIcon;
				INFOPLIST_FILE = iOSBaseProject/Info.plist;
				IPHONEOS_DEPLOYMENT_TARGET = 8.0;
				LD_RUNPATH_SEARCH_PATHS = "$(inherited) @executable_path/Frameworks";
				PRODUCT_BUNDLE_IDENTIFIER = Ding.iOSBaseProject;
				PRODUCT_NAME = "$(TARGET_NAME)";
			};
			name = Release;
		};
/* End XCBuildConfiguration section */

/* Begin XCConfigurationList section */
		84EF91261CEDBB7E00B4425B /* Build configuration list for PBXProject "iOSBaseProject" */ = {
			isa = XCConfigurationList;
			buildConfigurations = (
				84EF913B1CEDBB7E00B4425B /* Debug */,
				84EF913C1CEDBB7E00B4425B /* Release */,
			);
			defaultConfigurationIsVisible = 0;
			defaultConfigurationName = Release;
		};
		84EF913D1CEDBB7E00B4425B /* Build configuration list for PBXNativeTarget "iOSBaseProject" */ = {
			isa = XCConfigurationList;
			buildConfigurations = (
				84EF913E1CEDBB7E00B4425B /* Debug */,
				84EF913F1CEDBB7E00B4425B /* Release */,
			);
			defaultConfigurationIsVisible = 0;
			defaultConfigurationName = Release;
		};
/* End XCConfigurationList section */
	};
	rootObject = 84EF91231CEDBB7E00B4425B /* Project object */;
}
