// !$*UTF8*$!
{
	archiveVersion = 1;
	classes = {
	};
	objectVersion = 46;
	objects = {

/* Begin PBXBuildFile section */
		84B7080B1CEEAB4A008C51AD /* Http.swift in Sources */ = {isa = PBXBuildFile; fileRef = 84B7080A1CEEAB4A008C51AD /* Http.swift */; };
		84B7080E1CEFE512008C51AD /* JSONHelper.swift in Sources */ = {isa = PBXBuildFile; fileRef = 84B7080D1CEFE512008C51AD /* JSONHelper.swift */; };
		84EF912F1CEDBB7E00B4425B /* AppDelegate.swift in Sources */ = {isa = PBXBuildFile; fileRef = 84EF912E1CEDBB7E00B4425B /* AppDelegate.swift */; };
		84EF91311CEDBB7E00B4425B /* ViewController.swift in Sources */ = {isa = PBXBuildFile; fileRef = 84EF91301CEDBB7E00B4425B /* ViewController.swift */; };
		84EF91341CEDBB7E00B4425B /* Main.storyboard in Resources */ = {isa = PBXBuildFile; fileRef = 84EF91321CEDBB7E00B4425B /* Main.storyboard */; };
		84EF91361CEDBB7E00B4425B /* Assets.xcassets in Resources */ = {isa = PBXBuildFile; fileRef = 84EF91351CEDBB7E00B4425B /* Assets.xcassets */; };
		84EF91391CEDBB7E00B4425B /* LaunchScreen.storyboard in Resources */ = {isa = PBXBuildFile; fileRef = 84EF91371CEDBB7E00B4425B /* LaunchScreen.storyboard */; };
		84EF914C1CEDBC1B00B4425B /* BaseViewController.swift in Sources */ = {isa = PBXBuildFile; fileRef = 84EF91411CEDBC1B00B4425B /* BaseViewController.swift */; };
		84EF914F1CEDBC1B00B4425B /* Color.swift in Sources */ = {isa = PBXBuildFile; fileRef = 84EF91481CEDBC1B00B4425B /* Color.swift */; };
		84EF91511CEDBC1B00B4425B /* ImageHelper.swift in Sources */ = {isa = PBXBuildFile; fileRef = 84EF914A1CEDBC1B00B4425B /* ImageHelper.swift */; };
		84EF91521CEDBC1B00B4425B /* Log.swift in Sources */ = {isa = PBXBuildFile; fileRef = 84EF914B1CEDBC1B00B4425B /* Log.swift */; };
/* End PBXBuildFile section */

/* Begin PBXFileReference section */
		84B7080A1CEEAB4A008C51AD /* Http.swift */ = {isa = PBXFileReference; fileEncoding = 4; lastKnownFileType = sourcecode.swift; path = Http.swift; sourceTree = "<group>"; };
		84B7080D1CEFE512008C51AD /* JSONHelper.swift */ = {isa = PBXFileReference; fileEncoding = 4; lastKnownFileType = sourcecode.swift; path = JSONHelper.swift; sourceTree = "<group>"; };
		84EF912B1CEDBB7E00B4425B /* iOSBaseProject.app */ = {isa = PBXFileReference; explicitFileType = wrapper.application; includeInIndex = 0; path = iOSBaseProject.app; sourceTree = BUILT_PRODUCTS_DIR; };
		84EF912E1CEDBB7E00B4425B /* AppDelegate.swift */ = {isa = PBXFileReference; lastKnownFileType = sourcecode.swift; path = AppDelegate.swift; sourceTree = "<group>"; };
		84EF91301CEDBB7E00B4425B /* ViewController.swift */ = {isa = PBXFileReference; lastKnownFileType = sourcecode.swift; path = ViewController.swift; sourceTree = "<group>"; };
		84EF91331CEDBB7E00B4425B /* Base */ = {isa = PBXFileReference; lastKnownFileType = file.storyboard; name = Base; path = Base.lproj/Main.storyboard; sourceTree = "<group>"; };
		84EF91351CEDBB7E00B4425B /* Assets.xcassets */ = {isa = PBXFileReference; lastKnownFileType = folder.assetcatalog; path = Assets.xcassets; sourceTree = "<group>"; };
		84EF91381CEDBB7E00B4425B /* Base */ = {isa = PBXFileReference; lastKnownFileType = file.storyboard; name = Base; path = Base.lproj/LaunchScreen.storyboard; sourceTree = "<group>"; };
		84EF913A1CEDBB7E00B4425B /* Info.plist */ = {isa = PBXFileReference; lastKnownFileType = text.plist.xml; path = Info.plist; sourceTree = "<group>"; };
		84EF91411CEDBC1B00B4425B /* BaseViewController.swift */ = {isa = PBXFileReference; fileEncoding = 4; lastKnownFileType = sourcecode.swift; path = BaseViewController.swift; sourceTree = "<group>"; };
		84EF91481CEDBC1B00B4425B /* Color.swift */ = {isa = PBXFileReference; fileEncoding = 4; lastKnownFileType = sourcecode.swift; name = Color.swift; path = Color/Color.swift; sourceTree = "<group>"; };
		84EF914A1CEDBC1B00B4425B /* ImageHelper.swift */ = {isa = PBXFileReference; fileEncoding = 4; lastKnownFileType = sourcecode.swift; path = ImageHelper.swift; sourceTree = "<group>"; };
		84EF914B1CEDBC1B00B4425B /* Log.swift */ = {isa = PBXFileReference; fileEncoding = 4; lastKnownFileType = sourcecode.swift; path = Log.swift; sourceTree = "<group>"; };
/* End PBXFileReference section */

/* Begin PBXFrameworksBuildPhase section */
		84EF91281CEDBB7E00B4425B /* Frameworks */ = {
			isa = PBXFrameworksBuildPhase;
			buildActionMask = 2147483647;
			files = (
			);
			runOnlyForDeploymentPostprocessing = 0;
		};
/* End PBXFrameworksBuildPhase section */

/* Begin PBXGroup section */
		5EE5225F00C3BB58FF63E4FD /* Frameworks */ = {
			isa = PBXGroup;
			children = (
			);
			name = Frameworks;
			sourceTree = "<group>";
		};
		84EF91221CEDBB7E00B4425B = {
			isa = PBXGroup;
			children = (
				84EF91441CEDBC1B00B4425B /* Utils */,
				84EF91421CEDBC1B00B4425B /* DataManager */,
				84EF91401CEDBC1B00B4425B /* Common */,
				84EF912D1CEDBB7E00B4425B /* iOSBaseProject */,
				84EF912C1CEDBB7E00B4425B /* Products */,
				5EE5225F00C3BB58FF63E4FD /* Frameworks */,
			);
			sourceTree = "<group>";
		};
		84EF912C1CEDBB7E00B4425B /* Products */ = {
			isa = PBXGroup;
			children = (
				84EF912B1CEDBB7E00B4425B /* iOSBaseProject.app */,
			);
			name = Products;
			sourceTree = "<group>";
		};
		84EF912D1CEDBB7E00B4425B /* iOSBaseProject */ = {
			isa = PBXGroup;
			children = (
				84EF912E1CEDBB7E00B4425B /* AppDelegate.swift */,
				84EF91301CEDBB7E00B4425B /* ViewController.swift */,
				84EF91321CEDBB7E00B4425B /* Main.storyboard */,
				84EF91351CEDBB7E00B4425B /* Assets.xcassets */,
				84EF91371CEDBB7E00B4425B /* LaunchScreen.storyboard */,
				84EF913A1CEDBB7E00B4425B /* Info.plist */,
			);
			path = iOSBaseProject;
			sourceTree = "<group>";
		};
		84EF91401CEDBC1B00B4425B /* Common */ = {
			isa = PBXGroup;
			children = (
				84EF91411CEDBC1B00B4425B /* BaseViewController.swift */,
			);
			path = Common;
			sourceTree = "<group>";
		};
		84EF91421CEDBC1B00B4425B /* DataManager */ = {
			isa = PBXGroup;
			children = (
				84B7080A1CEEAB4A008C51AD /* Http.swift */,
			);
			path = DataManager;
			sourceTree = "<group>";
		};
		84EF91441CEDBC1B00B4425B /* Utils */ = {
			isa = PBXGroup;
			children = (
				84EF914B1CEDBC1B00B4425B /* Log.swift */,
				84EF91481CEDBC1B00B4425B /* Color.swift */,
				84B7080D1CEFE512008C51AD /* JSONHelper.swift */,
				84EF914A1CEDBC1B00B4425B /* ImageHelper.swift */,
			);
			path = Utils;
			sourceTree = "<group>";
		};
/* End PBXGroup section */

/* Begin PBXNativeTarget section */
		84EF912A1CEDBB7E00B4425B /* iOSBaseProject */ = {
			isa = PBXNativeTarget;
			buildConfigurationList = 84EF913D1CEDBB7E00B4425B /* Build configuration list for PBXNativeTarget "iOSBaseProject" */;
			buildPhases = (
				84EF91271CEDBB7E00B4425B /* Sources */,
				84EF91281CEDBB7E00B4425B /* Frameworks */,
				84EF91291CEDBB7E00B4425B /* Resources */,
			);
			buildRules = (
			);
			dependencies = (
			);
			name = iOSBaseProject;
			productName = iOSBaseProject;
			productReference = 84EF912B1CEDBB7E00B4425B /* iOSBaseProject.app */;
			productType = "com.apple.product-type.application";
		};
/* End PBXNativeTarget section */

/* Begin PBXProject section */
		84EF91231CEDBB7E00B4425B /* Project object */ = {
			isa = PBXProject;
			attributes = {
				LastSwiftUpdateCheck = 0730;
				LastUpgradeCheck = 0730;
				ORGANIZATIONNAME = Ding;
				TargetAttributes = {
					84EF912A1CEDBB7E00B4425B = {
						CreatedOnToolsVersion = 7.3;
					};
				};
			};
			buildConfigurationList = 84EF91261CEDBB7E00B4425B /* Build configuration list for PBXProject "iOSBaseProject" */;
			compatibilityVersion = "Xcode 3.2";
			developmentRegion = English;
			hasScannedForEncodings = 0;
			knownRegions = (
				en,
				Base,
			);
			mainGroup = 84EF91221CEDBB7E00B4425B;
			productRefGroup = 84EF912C1CEDBB7E00B4425B /* Products */;
			projectDirPath = "";
			projectRoot = "";
			targets = (
				84EF912A1CEDBB7E00B4425B /* iOSBaseProject */,
			);
		};
/* End PBXProject section */

/* Begin PBXResourcesBuildPhase section */
		84EF91291CEDBB7E00B4425B /* Resources */ = {
			isa = PBXResourcesBuildPhase;
			buildActionMask = 2147483647;
			files = (
				84EF91391CEDBB7E00B4425B /* LaunchScreen.storyboard in Resources */,
				84EF91361CEDBB7E00B4425B /* Assets.xcassets in Resources */,
				84EF91341CEDBB7E00B4425B /* Main.storyboard in Resources */,
			);
			runOnlyForDeploymentPostprocessing = 0;
		};
/* End PBXResourcesBuildPhase section */

/* Begin PBXSourcesBuildPhase section */
		84EF91271CEDBB7E00B4425B /* Sources */ = {
			isa = PBXSourcesBuildPhase;
			buildActionMask = 2147483647;
			files = (
				84EF91311CEDBB7E00B4425B /* ViewController.swift in Sources */,
				84EF91521CEDBC1B00B4425B /* Log.swift in Sources */,
				84EF914F1CEDBC1B00B4425B /* Color.swift in Sources */,
				84B7080E1CEFE512008C51AD /* JSONHelper.swift in Sources */,
				84EF912F1CEDBB7E00B4425B /* AppDelegate.swift in Sources */,
				84B7080B1CEEAB4A008C51AD /* Http.swift in Sources */,
				84EF914C1CEDBC1B00B4425B /* BaseViewController.swift in Sources */,
				84EF91511CEDBC1B00B4425B /* ImageHelper.swift in Sources */,
			);
			runOnlyForDeploymentPostprocessing = 0;
		};
/* End PBXSourcesBuildPhase section */

/* Begin PBXVariantGroup section */
		84EF91321CEDBB7E00B4425B /* Main.storyboard */ = {
			isa = PBXVariantGroup;
			children = (
				84EF91331CEDBB7E00B4425B /* Base */,
			);
			name = Main.storyboard;
			sourceTree = "<group>";
		};
		84EF91371CEDBB7E00B4425B /* LaunchScreen.storyboard */ = {
			isa = PBXVariantGroup;
			children = (
				84EF91381CEDBB7E00B4425B /* Base */,
			);
			name = LaunchScreen.storyboard;
			sourceTree = "<group>";
		};
/* End PBXVariantGroup section */

/* Begin XCBuildConfiguration section */
		84EF913B1CEDBB7E00B4425B /* Debug */ = {
			isa = XCBuildConfiguration;
			buildSettings = {
				ALWAYS_SEARCH_USER_PATHS = NO;
				CLANG_ANALYZER_NONNULL = YES;
				CLANG_CXX_LANGUAGE_STANDARD = "gnu++0x";
				CLANG_CXX_LIBRARY = "libc++";
				CLANG_ENABLE_MODULES = YES;
				CLANG_ENABLE_OBJC_ARC = YES;
				CLANG_WARN_BOOL_CONVERSION = YES;
				CLANG_WARN_CONSTANT_CONVERSION = YES;
				CLANG_WARN_DIRECT_OBJC_ISA_USAGE = YES_ERROR;
				CLANG_WARN_EMPTY_BODY = YES;
				CLANG_WARN_ENUM_CONVERSION = YES;
				CLANG_WARN_INT_CONVERSION = YES;
				CLANG_WARN_OBJC_ROOT_CLASS = YES_ERROR;
				CLANG_WARN_UNREACHABLE_CODE = YES;
				CLANG_WARN__DUPLICATE_METHOD_MATCH = YES;
				"CODE_SIGN_IDENTITY[sdk=iphoneos*]" = "iPhone Developer";
				COPY_PHASE_STRIP = NO;
				DEBUG_INFORMATION_FORMAT = dwarf;
				ENABLE_STRICT_OBJC_MSGSEND = YES;
				ENABLE_TESTABILITY = YES;
				GCC_C_LANGUAGE_STANDARD = gnu99;
				GCC_DYNAMIC_NO_PIC = NO;
				GCC_NO_COMMON_BLOCKS = YES;
				GCC_OPTIMIZATION_LEVEL = 0;
				GCC_PREPROCESSOR_DEFINITIONS = (
					"DEBUG=1",
					"$(inherited)",
				);
				GCC_WARN_64_TO_32_BIT_CONVERSION = YES;
				GCC_WARN_ABOUT_RETURN_TYPE = YES_ERROR;
				GCC_WARN_UNDECLARED_SELECTOR = YES;
				GCC_WARN_UNINITIALIZED_AUTOS = YES_AGGRESSIVE;
				GCC_WARN_UNUSED_FUNCTION = YES;
				GCC_WARN_UNUSED_VARIABLE = YES;
				IPHONEOS_DEPLOYMENT_TARGET = 9.3;
				MTL_ENABLE_DEBUG_INFO = YES;
				ONLY_ACTIVE_ARCH = YES;
				SDKROOT = iphoneos;
				SWIFT_OPTIMIZATION_LEVEL = "-Onone";
				TARGETED_DEVICE_FAMILY = "1,2";
			};
			name = Debug;
		};
		84EF913C1CEDBB7E00B4425B /* Release */ = {
			isa = XCBuildConfiguration;
			buildSettings = {
				ALWAYS_SEARCH_USER_PATHS = NO;
				CLANG_ANALYZER_NONNULL = YES;
				CLANG_CXX_LANGUAGE_STANDARD = "gnu++0x";
				CLANG_CXX_LIBRARY = "libc++";
				CLANG_ENABLE_MODULES = YES;
				CLANG_ENABLE_OBJC_ARC = YES;
				CLANG_WARN_BOOL_CONVERSION = YES;
				CLANG_WARN_CONSTANT_CONVERSION = YES;
				CLANG_WARN_DIRECT_OBJC_ISA_USAGE = YES_ERROR;
				CLANG_WARN_EMPTY_BODY = YES;
				CLANG_WARN_ENUM_CONVERSION = YES;
				CLANG_WARN_INT_CONVERSION = YES;
				CLANG_WARN_OBJC_ROOT_CLASS = YES_ERROR;
				CLANG_WARN_UNREACHABLE_CODE = YES;
				CLANG_WARN__DUPLICATE_METHOD_MATCH = YES;
				"CODE_SIGN_IDENTITY[sdk=iphoneos*]" = "iPhone Developer";
				COPY_PHASE_STRIP = NO;
				DEBUG_INFORMATION_FORMAT = "dwarf-with-dsym";
				ENABLE_NS_ASSERTIONS = NO;
				ENABLE_STRICT_OBJC_MSGSEND = YES;
				GCC_C_LANGUAGE_STANDARD = gnu99;
				GCC_NO_COMMON_BLOCKS = YES;
				GCC_WARN_64_TO_32_BIT_CONVERSION = YES;
				GCC_WARN_ABOUT_RETURN_TYPE = YES_ERROR;
				GCC_WARN_UNDECLARED_SELECTOR = YES;
				GCC_WARN_UNINITIALIZED_AUTOS = YES_AGGRESSIVE;
				GCC_WARN_UNUSED_FUNCTION = YES;
				GCC_WARN_UNUSED_VARIABLE = YES;
				IPHONEOS_DEPLOYMENT_TARGET = 9.3;
				MTL_ENABLE_DEBUG_INFO = NO;
				SDKROOT = iphoneos;
				TARGETED_DEVICE_FAMILY = "1,2";
				VALIDATE_PRODUCT = YES;
			};
			name = Release;
		};
		84EF913E1CEDBB7E00B4425B /* Debug */ = {
			isa = XCBuildConfiguration;
			buildSettings = {
				ASSETCATALOG_COMPILER_APPICON_NAME = AppIcon;
				INFOPLIST_FILE = iOSBaseProject/Info.plist;
				IPHONEOS_DEPLOYMENT_TARGET = 7.0;
				LD_RUNPATH_SEARCH_PATHS = "$(inherited) @executable_path/Frameworks";
				OTHER_SWIFT_FLAGS = "-D DEBUG";
				PRODUCT_BUNDLE_IDENTIFIER = Ding.iOSBaseProject;
				PRODUCT_NAME = "$(TARGET_NAME)";
			};
			name = Debug;
		};
		84EF913F1CEDBB7E00B4425B /* Release */ = {
			isa = XCBuildConfiguration;
			buildSettings = {
				ASSETCATALOG_COMPILER_APPICON_NAME = AppIcon;
				INFOPLIST_FILE = iOSBaseProject/Info.plist;
				IPHONEOS_DEPLOYMENT_TARGET = 7.0;
				LD_RUNPATH_SEARCH_PATHS = "$(inherited) @executable_path/Frameworks";
				PRODUCT_BUNDLE_IDENTIFIER = Ding.iOSBaseProject;
				PRODUCT_NAME = "$(TARGET_NAME)";
			};
			name = Release;
		};
/* End XCBuildConfiguration section */

/* Begin XCConfigurationList section */
		84EF91261CEDBB7E00B4425B /* Build configuration list for PBXProject "iOSBaseProject" */ = {
			isa = XCConfigurationList;
			buildConfigurations = (
				84EF913B1CEDBB7E00B4425B /* Debug */,
				84EF913C1CEDBB7E00B4425B /* Release */,
			);
			defaultConfigurationIsVisible = 0;
			defaultConfigurationName = Release;
		};
		84EF913D1CEDBB7E00B4425B /* Build configuration list for PBXNativeTarget "iOSBaseProject" */ = {
			isa = XCConfigurationList;
			buildConfigurations = (
				84EF913E1CEDBB7E00B4425B /* Debug */,
				84EF913F1CEDBB7E00B4425B /* Release */,
			);
			defaultConfigurationIsVisible = 0;
			defaultConfigurationName = Release;
		};
/* End XCConfigurationList section */
	};
	rootObject = 84EF91231CEDBB7E00B4425B /* Project object */;
}
